
Microsoft Visual Studio Solution File, Format Version 12.00
# Visual Studio Version 16
VisualStudioVersion = 16.0.30225.117
MinimumVisualStudioVersion = 10.0.40219.1
Project("{E24C65DC-7377-472B-9ABA-BC803B73C61A}") = "PlataformaDeMusica", ".", "{87E51337-430F-4C34-9891-5141AA81CBDA}"
	ProjectSection(WebsiteProperties) = preProject
		TargetFrameworkMoniker = ".NETFramework,Version%3Dv4.7.2"
		Debug.AspNetCompiler.VirtualPath = "/localhost_52782"
		Debug.AspNetCompiler.PhysicalPath = "..\PlataformaDeMusica\"
		Debug.AspNetCompiler.TargetPath = "PrecompiledWeb\localhost_52782\"
		Debug.AspNetCompiler.Updateable = "true"
		Debug.AspNetCompiler.ForceOverwrite = "true"
		Debug.AspNetCompiler.FixedNames = "false"
		Debug.AspNetCompiler.Debug = "True"
		Release.AspNetCompiler.VirtualPath = "/localhost_52782"
		Release.AspNetCompiler.PhysicalPath = "..\PlataformaDeMusica\"
		Release.AspNetCompiler.TargetPath = "PrecompiledWeb\localhost_52782\"
		Release.AspNetCompiler.Updateable = "true"
		Release.AspNetCompiler.ForceOverwrite = "true"
		Release.AspNetCompiler.FixedNames = "false"
		Release.AspNetCompiler.Debug = "False"
		VWDPort = "52782"
		SlnRelativePath = "..\PlataformaDeMusica\"
		DefaultWebSiteLanguage = "Visual C#"
	EndProjectSection
EndProject
Project("{FAE04EC0-301F-11D3-BF4B-00C04F79EFBC}") = "ModificadorDeOndaONLINE", "..\ModificadorDeOndaONLINE\ModificadorDeOndaONLINE.csproj", "{A0E6DB19-74E7-4E67-BD66-8E39EE8E3971}"
	ProjectSection(ProjectDependencies) = postProject
		{87E51337-430F-4C34-9891-5141AA81CBDA} = {87E51337-430F-4C34-9891-5141AA81CBDA}
	EndProjectSection
EndProject
Global
	GlobalSection(SolutionConfigurationPlatforms) = preSolution
		Debug|Any CPU = Debug|Any CPU
		Release|Any CPU = Release|Any CPU
	EndGlobalSection
	GlobalSection(ProjectConfigurationPlatforms) = postSolution
		{87E51337-430F-4C34-9891-5141AA81CBDA}.Debug|Any CPU.ActiveCfg = Debug|Any CPU
		{87E51337-430F-4C34-9891-5141AA81CBDA}.Debug|Any CPU.Build.0 = Debug|Any CPU
		{87E51337-430F-4C34-9891-5141AA81CBDA}.Release|Any CPU.ActiveCfg = Debug|Any CPU
		{87E51337-430F-4C34-9891-5141AA81CBDA}.Release|Any CPU.Build.0 = Debug|Any CPU
		{A0E6DB19-74E7-4E67-BD66-8E39EE8E3971}.Debug|Any CPU.ActiveCfg = Debug|Any CPU
		{A0E6DB19-74E7-4E67-BD66-8E39EE8E3971}.Debug|Any CPU.Build.0 = Debug|Any CPU
		{A0E6DB19-74E7-4E67-BD66-8E39EE8E3971}.Release|Any CPU.ActiveCfg = Release|Any CPU
		{A0E6DB19-74E7-4E67-BD66-8E39EE8E3971}.Release|Any CPU.Build.0 = Release|Any CPU
	EndGlobalSection
	GlobalSection(SolutionProperties) = preSolution
		HideSolutionNode = FALSE
	EndGlobalSection
	GlobalSection(ExtensibilityGlobals) = postSolution
		SolutionGuid = {382E82D7-399B-4272-981B-D16097706F00}
	EndGlobalSection
EndGlobal
